<?xml version="1.0" encoding="UTF-8"?>
<Scheme
   LastUpgradeVersion = "1430"
   wasCreatedForAppExtension = "YES"
   version = "2.0">
   <BuildAction
      parallelizeBuildables = "YES"
      buildImplicitDependencies = "YES">
      <BuildActionEntries>
         <BuildActionEntry
            buildForTesting = "YES"
            buildForRunning = "YES"
            buildForProfiling = "YES"
            buildForArchiving = "YES"
            buildForAnalyzing = "YES">
            <BuildableReference
               BuildableIdentifier = "primary"
               BlueprintIdentifier = "32F70AE526F61836006E9B05"
               BuildableName = "D2AWidgetIntentHandler.appex"
               BlueprintName = "D2AWidgetIntentHandler"
               ReferencedContainer = "container:D2A.xcodeproj">
            </BuildableReference>
         </BuildActionEntry>
         <BuildActionEntry
            buildForTesting = "YES"
            buildForRunning = "YES"
            buildForProfiling = "YES"
            buildForArchiving = "YES"
            buildForAnalyzing = "YES">
            <BuildableReference
               BuildableIdentifier = "primary"
               BlueprintIdentifier = "32B36F0A26C38821002D427D"
               BuildableName = "D2A.app"
               BlueprintName = "D2A"
               ReferencedContainer = "container:D2A.xcodeproj">
            </BuildableReference>
         </BuildActionEntry>
      </BuildActionEntries>
   </BuildAction>
   <TestAction
      buildConfiguration = "Debug"
      selectedDebuggerIdentifier = "Xcode.DebuggerFoundation.Debugger.LLDB"
      selectedLauncherIdentifier = "Xcode.DebuggerFoundation.Launcher.LLDB"
      shouldUseLaunchSchemeArgsEnv = "YES">
      <Testables>
         <TestableReference
            skipped = "NO"
            parallelizable = "YES">
            <BuildableReference
               BuildableIdentifier = "primary"
               BlueprintIdentifier = "79CF637829C40B6F0072F4C0"
               BuildableName = "UI Tests.xctest"
               BlueprintName = "UI Tests"
               ReferencedContainer = "container:D2A.xcodeproj">
            </BuildableReference>
         </TestableReference>
         <TestableReference
            skipped = "NO"
            parallelizable = "YES">
            <BuildableReference
               BuildableIdentifier = "primary"
               BlueprintIdentifier = "79BE5D6E2A6FC9F300DF74E7"
               BuildableName = "StratzGraphQLTests.xctest"
               BlueprintName = "StratzGraphQLTests"
               ReferencedContainer = "container:D2A.xcodeproj">
            </BuildableReference>
         </TestableReference>
         <TestableReference
            skipped = "NO"
            parallelizable = "YES">
            <BuildableReference
               BuildableIdentifier = "primary"
               BlueprintIdentifier = "7930699A2B5D323100A5CF5D"
               BuildableName = "Remote Data Tests.xctest"
               BlueprintName = "Remote Data Tests"
               ReferencedContainer = "container:D2A.xcodeproj">
            </BuildableReference>
         </TestableReference>
         <TestableReference
            skipped = "NO"
            parallelizable = "YES">
            <BuildableReference
               BuildableIdentifier = "primary"
               BlueprintIdentifier = "7942FD002B706B49008CE4B0"
               BuildableName = "UIScreenshotTests.xctest"
               BlueprintName = "UIScreenshotTests"
               ReferencedContainer = "container:D2A.xcodeproj">
            </BuildableReference>
         </TestableReference>
      </Testables>
   </TestAction>
   <LaunchAction
      buildConfiguration = "Debug"
      selectedDebuggerIdentifier = ""
      selectedLauncherIdentifier = "Xcode.IDEFoundation.Launcher.PosixSpawn"
      launchStyle = "0"
      askForAppToLaunch = "Yes"
      useCustomWorkingDirectory = "NO"
      ignoresPersistentStateOnLaunch = "NO"
      debugDocumentVersioning = "YES"
      debugServiceExtension = "internal"
      allowLocationSimulation = "YES"
      launchAutomaticallySubstyle = "2">
      <RemoteRunnable
         runnableDebuggingMode = "1"
         BundleIdentifier = "com.shibodev.dotaarmory"
         RemotePath = "/Users/shibotong/Library/Developer/CoreSimulator/Devices/CE816E2B-3E95-4420-AC45-C0AEC1E477C6/data/Containers/Bundle/Application/2C9C00F5-BE81-48CF-8BC6-E8B8B48DD73A/D2A.app">
      </RemoteRunnable>
      <MacroExpansion>
         <BuildableReference
            BuildableIdentifier = "primary"
            BlueprintIdentifier = "32B36F0A26C38821002D427D"
            BuildableName = "D2A.app"
            BlueprintName = "D2A"
            ReferencedContainer = "container:D2A.xcodeproj">
         </BuildableReference>
      </MacroExpansion>
   </LaunchAction>
   <ProfileAction
      buildConfiguration = "Release"
      shouldUseLaunchSchemeArgsEnv = "YES"
      savedToolIdentifier = ""
      useCustomWorkingDirectory = "NO"
      debugDocumentVersioning = "YES"
      askForAppToLaunch = "Yes"
      launchAutomaticallySubstyle = "2">
      <BuildableProductRunnable
         runnableDebuggingMode = "0">
         <BuildableReference
            BuildableIdentifier = "primary"
            BlueprintIdentifier = "32B36F0A26C38821002D427D"
            BuildableName = "D2A.app"
            BlueprintName = "D2A"
            ReferencedContainer = "container:D2A.xcodeproj">
         </BuildableReference>
      </BuildableProductRunnable>
   </ProfileAction>
   <AnalyzeAction
      buildConfiguration = "Debug">
   </AnalyzeAction>
   <ArchiveAction
      buildConfiguration = "Release"
      revealArchiveInOrganizer = "YES">
   </ArchiveAction>
</Scheme>
