// !$*UTF8*$!
{
	archiveVersion = 1;
	classes = {
	};
	objectVersion = 74;
	objects = {

/* Begin PBXBuildFile section */
		327C03442717AE8500DAEC42 /* README.md in Resources */ = {isa = PBXBuildFile; fileRef = 327C03432717AE8500DAEC42 /* README.md */; };
		328957A327F660D400BA9847 /* DecodingTestCase.swift in Sources */ = {isa = PBXBuildFile; fileRef = 328957A227F660D400BA9847 /* DecodingTestCase.swift */; };
		32D1605F26F3122800657449 /* StoreKit.framework in Frameworks */ = {isa = PBXBuildFile; fileRef = 32D1605E26F3122800657449 /* StoreKit.framework */; };
		32F70A9E26F57F7E006E9B05 /* WidgetKit.framework in Frameworks */ = {isa = PBXBuildFile; fileRef = 32D1606A26F4EE1500657449 /* WidgetKit.framework */; };
		32F70A9F26F57F7E006E9B05 /* SwiftUI.framework in Frameworks */ = {isa = PBXBuildFile; fileRef = 32D1606C26F4EE1500657449 /* SwiftUI.framework */; };
		32F70AA826F57F7E006E9B05 /* D2AWidgetExtension.appex in Embed Foundation Extensions */ = {isa = PBXBuildFile; fileRef = 32F70A9D26F57F7E006E9B05 /* D2AWidgetExtension.appex */; platformFilter = ios; settings = {ATTRIBUTES = (RemoveHeadersOnCopy, ); }; };
		32F70AE826F61836006E9B05 /* Intents.framework in Frameworks */ = {isa = PBXBuildFile; fileRef = 32F70AE726F61836006E9B05 /* Intents.framework */; };
		32F70AEF26F61836006E9B05 /* D2AWidgetIntentHandler.appex in Embed Foundation Extensions */ = {isa = PBXBuildFile; fileRef = 32F70AE626F61836006E9B05 /* D2AWidgetIntentHandler.appex */; platformFilter = ios; settings = {ATTRIBUTES = (RemoveHeadersOnCopy, ); }; };
		790FBB2429C186AE00E27106 /* Apollo in Frameworks */ = {isa = PBXBuildFile; productRef = 790FBB2329C186AE00E27106 /* Apollo */; };
		790FBB2A29C1876D00E27106 /* StratzAPI in Frameworks */ = {isa = PBXBuildFile; productRef = 790FBB2929C1876D00E27106 /* StratzAPI */; };
		790FBB2C29C1877400E27106 /* StratzAPI in Frameworks */ = {isa = PBXBuildFile; productRef = 790FBB2B29C1877400E27106 /* StratzAPI */; };
		790FBB2E29C1877A00E27106 /* StratzAPI in Frameworks */ = {isa = PBXBuildFile; productRef = 790FBB2D29C1877A00E27106 /* StratzAPI */; };
		790FBB3429C18AC800E27106 /* Apollo in Frameworks */ = {isa = PBXBuildFile; productRef = 790FBB3329C18AC800E27106 /* Apollo */; };
		79266DA42A31B078002FEF0F /* ApolloWebSocket in Frameworks */ = {isa = PBXBuildFile; productRef = 79266DA32A31B078002FEF0F /* ApolloWebSocket */; };
		79266DA92A31B21D002FEF0F /* ApolloWebSocket in Frameworks */ = {isa = PBXBuildFile; productRef = 79266DA82A31B21D002FEF0F /* ApolloWebSocket */; };
		79266DAB2A31B224002FEF0F /* ApolloWebSocket in Frameworks */ = {isa = PBXBuildFile; productRef = 79266DAA2A31B224002FEF0F /* ApolloWebSocket */; };
		792A546E2F777B2500EC815A /* SyncingTests.swift in Sources */ = {isa = PBXBuildFile; fileRef = 792A546D2F777B2100EC815A /* SyncingTests.swift */; };
		7942FD0C2B706B57008CE4B0 /* ScreenShotTests.swift in Sources */ = {isa = PBXBuildFile; fileRef = 790102B929F40C4600E8A320 /* ScreenShotTests.swift */; };
		7942FD0E2B706B85008CE4B0 /* XCTestCase+Extension.swift in Sources */ = {isa = PBXBuildFile; fileRef = 7942FD0D2B706B85008CE4B0 /* XCTestCase+Extension.swift */; };
		7942FD0F2B706B90008CE4B0 /* XCTestCase+Extension.swift in Sources */ = {isa = PBXBuildFile; fileRef = 7942FD0D2B706B85008CE4B0 /* XCTestCase+Extension.swift */; };
		79518CE22F725A52005C9449 /* OpenDotaConstantsFetchingTests.swift in Sources */ = {isa = PBXBuildFile; fileRef = 79518CE02F7257B3005C9449 /* OpenDotaConstantsFetchingTests.swift */; };
		79518D072F72A84A005C9449 /* StratzFetchingTests.swift in Sources */ = {isa = PBXBuildFile; fileRef = 79518D062F72A840005C9449 /* StratzFetchingTests.swift */; };
		796674212E697BD500D102FA /* StratzAPI in Frameworks */ = {isa = PBXBuildFile; productRef = 796674202E697BD500D102FA /* StratzAPI */; };
		798C42932A3565BA00BDC470 /* LiveMatchKillEventTestCase.swift in Sources */ = {isa = PBXBuildFile; fileRef = 798C42922A3565BA00BDC470 /* LiveMatchKillEventTestCase.swift */; };
		79B8D96F2F2889FA0030429D /* InMemoryLogging in Frameworks */ = {isa = PBXBuildFile; productRef = 79B8D96E2F2889FA0030429D /* InMemoryLogging */; };
		79B8D9712F2889FA0030429D /* Logging in Frameworks */ = {isa = PBXBuildFile; productRef = 79B8D9702F2889FA0030429D /* Logging */; };
		79B8DA422F29AA900030429D /* StaticDataSyncingTests.swift in Sources */ = {isa = PBXBuildFile; fileRef = 79B8DA412F29AA890030429D /* StaticDataSyncingTests.swift */; };
		79CF637C29C40B700072F4C0 /* D2AUITests.swift in Sources */ = {isa = PBXBuildFile; fileRef = 79CF637B29C40B700072F4C0 /* D2AUITests.swift */; };
		79D1043729E2991E00BC04B3 /* Apollo in Frameworks */ = {isa = PBXBuildFile; productRef = 79D1043629E2991E00BC04B3 /* Apollo */; };
/* End PBXBuildFile section */

/* Begin PBXContainerItemProxy section */
		3289579D27F6609B00BA9847 /* PBXContainerItemProxy */ = {
			isa = PBXContainerItemProxy;
			containerPortal = 32B36F0326C38821002D427D /* Project object */;
			proxyType = 1;
			remoteGlobalIDString = 32B36F0A26C38821002D427D;
			remoteInfo = App;
		};
		32F70AA626F57F7E006E9B05 /* PBXContainerItemProxy */ = {
			isa = PBXContainerItemProxy;
			containerPortal = 32B36F0326C38821002D427D /* Project object */;
			proxyType = 1;
			remoteGlobalIDString = 32F70A9C26F57F7E006E9B05;
			remoteInfo = AppWidgetExtension;
		};
		32F70AED26F61836006E9B05 /* PBXContainerItemProxy */ = {
			isa = PBXContainerItemProxy;
			containerPortal = 32B36F0326C38821002D427D /* Project object */;
			proxyType = 1;
			remoteGlobalIDString = 32F70AE526F61836006E9B05;
			remoteInfo = AppWidgetIntentHandler;
		};
		7930699F2B5D323100A5CF5D /* PBXContainerItemProxy */ = {
			isa = PBXContainerItemProxy;
			containerPortal = 32B36F0326C38821002D427D /* Project object */;
			proxyType = 1;
			remoteGlobalIDString = 32B36F0A26C38821002D427D;
			remoteInfo = D2A;
		};
		7942FD072B706B49008CE4B0 /* PBXContainerItemProxy */ = {
			isa = PBXContainerItemProxy;
			containerPortal = 32B36F0326C38821002D427D /* Project object */;
			proxyType = 1;
			remoteGlobalIDString = 32B36F0A26C38821002D427D;
			remoteInfo = D2A;
		};
		79CF637F29C40B700072F4C0 /* PBXContainerItemProxy */ = {
			isa = PBXContainerItemProxy;
			containerPortal = 32B36F0326C38821002D427D /* Project object */;
			proxyType = 1;
			remoteGlobalIDString = 32B36F0A26C38821002D427D;
			remoteInfo = D2A;
		};
/* End PBXContainerItemProxy section */

/* Begin PBXCopyFilesBuildPhase section */
		32D1607D26F4EE1600657449 /* Embed Foundation Extensions */ = {
			isa = PBXCopyFilesBuildPhase;
			buildActionMask = 12;
			dstPath = "";
			dstSubfolderSpec = 13;
			files = (
				32F70AA826F57F7E006E9B05 /* D2AWidgetExtension.appex in Embed Foundation Extensions */,
				32F70AEF26F61836006E9B05 /* D2AWidgetIntentHandler.appex in Embed Foundation Extensions */,
			);
			name = "Embed Foundation Extensions";
			runOnlyForDeploymentPostprocessing = 0;
		};
		79BE5D7D2A6FC9F500DF74E7 /* Embed Frameworks */ = {
			isa = PBXCopyFilesBuildPhase;
			buildActionMask = 2147483647;
			dstPath = "";
			dstSubfolderSpec = 10;
			files = (
			);
			name = "Embed Frameworks";
			runOnlyForDeploymentPostprocessing = 0;
		};
/* End PBXCopyFilesBuildPhase section */

/* Begin PBXFileReference section */
		327C03432717AE8500DAEC42 /* README.md */ = {isa = PBXFileReference; fileEncoding = 4; lastKnownFileType = net.daringfireball.markdown; path = README.md; sourceTree = "<group>"; };
		3289579927F6609B00BA9847 /* Unit Tests.xctest */ = {isa = PBXFileReference; explicitFileType = wrapper.cfbundle; includeInIndex = 0; path = "Unit Tests.xctest"; sourceTree = BUILT_PRODUCTS_DIR; };
		328957A227F660D400BA9847 /* DecodingTestCase.swift */ = {isa = PBXFileReference; lastKnownFileType = sourcecode.swift; path = DecodingTestCase.swift; sourceTree = "<group>"; };
		32B36F0B26C38821002D427D /* D2A.app */ = {isa = PBXFileReference; explicitFileType = wrapper.application; includeInIndex = 0; path = D2A.app; sourceTree = BUILT_PRODUCTS_DIR; };
		32D1605E26F3122800657449 /* StoreKit.framework */ = {isa = PBXFileReference; lastKnownFileType = wrapper.framework; name = StoreKit.framework; path = System/Library/Frameworks/StoreKit.framework; sourceTree = SDKROOT; };
		32D1606A26F4EE1500657449 /* WidgetKit.framework */ = {isa = PBXFileReference; lastKnownFileType = wrapper.framework; name = WidgetKit.framework; path = System/Library/Frameworks/WidgetKit.framework; sourceTree = SDKROOT; };
		32D1606C26F4EE1500657449 /* SwiftUI.framework */ = {isa = PBXFileReference; lastKnownFileType = wrapper.framework; name = SwiftUI.framework; path = System/Library/Frameworks/SwiftUI.framework; sourceTree = SDKROOT; };
		32F70A9D26F57F7E006E9B05 /* D2AWidgetExtension.appex */ = {isa = PBXFileReference; explicitFileType = "wrapper.app-extension"; includeInIndex = 0; path = D2AWidgetExtension.appex; sourceTree = BUILT_PRODUCTS_DIR; };
		32F70AE626F61836006E9B05 /* D2AWidgetIntentHandler.appex */ = {isa = PBXFileReference; explicitFileType = "wrapper.app-extension"; includeInIndex = 0; path = D2AWidgetIntentHandler.appex; sourceTree = BUILT_PRODUCTS_DIR; };
		32F70AE726F61836006E9B05 /* Intents.framework */ = {isa = PBXFileReference; lastKnownFileType = wrapper.framework; name = Intents.framework; path = System/Library/Frameworks/Intents.framework; sourceTree = SDKROOT; };
		790102B929F40C4600E8A320 /* ScreenShotTests.swift */ = {isa = PBXFileReference; lastKnownFileType = sourcecode.swift; path = ScreenShotTests.swift; sourceTree = "<group>"; };
		792A546D2F777B2100EC815A /* SyncingTests.swift */ = {isa = PBXFileReference; lastKnownFileType = sourcecode.swift; path = SyncingTests.swift; sourceTree = "<group>"; };
		7930699B2B5D323100A5CF5D /* DataLoadingTests.xctest */ = {isa = PBXFileReference; explicitFileType = wrapper.cfbundle; includeInIndex = 0; path = DataLoadingTests.xctest; sourceTree = BUILT_PRODUCTS_DIR; };
		7942FD012B706B49008CE4B0 /* UIScreenshotTests.xctest */ = {isa = PBXFileReference; explicitFileType = wrapper.cfbundle; includeInIndex = 0; path = UIScreenshotTests.xctest; sourceTree = BUILT_PRODUCTS_DIR; };
		7942FD0D2B706B85008CE4B0 /* XCTestCase+Extension.swift */ = {isa = PBXFileReference; lastKnownFileType = sourcecode.swift; path = "XCTestCase+Extension.swift"; sourceTree = "<group>"; };
		79518CE02F7257B3005C9449 /* OpenDotaConstantsFetchingTests.swift */ = {isa = PBXFileReference; lastKnownFileType = sourcecode.swift; path = OpenDotaConstantsFetchingTests.swift; sourceTree = "<group>"; };
		79518D062F72A840005C9449 /* StratzFetchingTests.swift */ = {isa = PBXFileReference; lastKnownFileType = sourcecode.swift; path = StratzFetchingTests.swift; sourceTree = "<group>"; };
		798A1D1729C183B500E443A6 /* StratzAPI */ = {isa = PBXFileReference; lastKnownFileType = wrapper; path = StratzAPI; sourceTree = "<group>"; };
		798C42922A3565BA00BDC470 /* LiveMatchKillEventTestCase.swift */ = {isa = PBXFileReference; lastKnownFileType = sourcecode.swift; path = LiveMatchKillEventTestCase.swift; sourceTree = "<group>"; };
		79A989262931FA50006AC847 /* D2AProStore.storekit */ = {isa = PBXFileReference; lastKnownFileType = text; path = D2AProStore.storekit; sourceTree = "<group>"; };
		79B8DA412F29AA890030429D /* StaticDataSyncingTests.swift */ = {isa = PBXFileReference; lastKnownFileType = sourcecode.swift; path = StaticDataSyncingTests.swift; sourceTree = "<group>"; };
		79CF637929C40B6F0072F4C0 /* UI Tests.xctest */ = {isa = PBXFileReference; explicitFileType = wrapper.cfbundle; includeInIndex = 0; path = "UI Tests.xctest"; sourceTree = BUILT_PRODUCTS_DIR; };
		79CF637B29C40B700072F4C0 /* D2AUITests.swift */ = {isa = PBXFileReference; lastKnownFileType = sourcecode.swift; path = D2AUITests.swift; sourceTree = "<group>"; };
/* End PBXFileReference section */

/* Begin PBXFileSystemSynchronizedBuildFileExceptionSet section */
		792A57972F7E796B00EC815A /* PBXFileSystemSynchronizedBuildFileExceptionSet */ = {
			isa = PBXFileSystemSynchronizedBuildFileExceptionSet;
			membershipExceptions = (
				DataSyncing/DataSyncingLogger.swift,
				Views/HeroDataView/HeroData.swift,
				Views/HomeView/RecentMatchWinLossView.swift,
				Views/MatchListView/MatchListRowView.swift,
				Views/MatchListView/MatchListRowViewModel.swift,
				Views/MatchView/KDAView.swift,
				Views/OtherViews/HeroImageView.swift,
				Views/OtherViews/RankView.swift,
			);
			target = 32F70A9C26F57F7E006E9B05 /* D2AWidgetExtension */;
		};
		792A57982F7E796B00EC815A /* PBXFileSystemSynchronizedBuildFileExceptionSet */ = {
			isa = PBXFileSystemSynchronizedBuildFileExceptionSet;
			membershipExceptions = (
				DataSyncing/DataSyncingLogger.swift,
				Views/HeroDataView/HeroData.swift,
				Views/HomeView/RecentMatchWinLossView.swift,
				Views/MatchListView/MatchListRowView.swift,
				Views/MatchListView/MatchListRowViewModel.swift,
				Views/MatchView/KDAView.swift,
				Views/OtherViews/HeroImageView.swift,
				Views/OtherViews/RankView.swift,
			);
			target = 32F70AE526F61836006E9B05 /* D2AWidgetIntentHandler */;
		};
		792A58542F7E7A3D00EC815A /* PBXFileSystemSynchronizedBuildFileExceptionSet */ = {
			isa = PBXFileSystemSynchronizedBuildFileExceptionSet;
			membershipExceptions = (
				/Localized/DynamicUserSelection.intentdefinition,
			);
			target = 32F70A9C26F57F7E006E9B05 /* D2AWidgetExtension */;
		};
		792A58562F7E7A3D00EC815A /* PBXFileSystemSynchronizedBuildFileExceptionSet */ = {
			isa = PBXFileSystemSynchronizedBuildFileExceptionSet;
			membershipExceptions = (
				D2AWidget.swift,
				LatestMatchWidgetEntryView.swift,
				LiveActivities/LiveMatchActivity.swift,
				LiveActivities/LiveMatchActivityAttributes.swift,
				LiveActivities/LiveMatchActivityWidget.swift,
				Model/D2AWidgetMatch.swift,
				Model/D2AWidgetUser.swift,
				Model/D2AWidgetUserEntry.swift,
				Provider.swift,
				RecentMatchesWidgetEntryView.swift,
				resources/Extension.swift,
				resources/NetworkImage.swift,
				resources/ViewExtension.swift,
				WidgetOverlayView.swift,
			);
			target = 32F70AE526F61836006E9B05 /* D2AWidgetIntentHandler */;
		};
		792A585C2F7E7A6800EC815A /* PBXFileSystemSynchronizedBuildFileExceptionSet */ = {
			isa = PBXFileSystemSynchronizedBuildFileExceptionSet;
			membershipExceptions = (
				Info.plist,
			);
			target = 32F70A9C26F57F7E006E9B05 /* D2AWidgetExtension */;
		};
		792A585D2F7E7A6800EC815A /* PBXFileSystemSynchronizedBuildFileExceptionSet */ = {
			isa = PBXFileSystemSynchronizedBuildFileExceptionSet;
			membershipExceptions = (
				IntentHandler.swift,
			);
			target = 32F70AE526F61836006E9B05 /* D2AWidgetIntentHandler */;
		};
		792A586F2F7E7A9700EC815A /* PBXFileSystemSynchronizedBuildFileExceptionSet */ = {
			isa = PBXFileSystemSynchronizedBuildFileExceptionSet;
			membershipExceptions = (
				graphql/Ability.graphql,
				graphql/Hero.graphql,
				graphql/Heroes.graphql,
				RemoteDataTestPlan.xctestplan,
			);
			target = 32B36F0A26C38821002D427D /* D2A */;
		};
		792A58702F7E7A9700EC815A /* PBXFileSystemSynchronizedBuildFileExceptionSet */ = {
			isa = PBXFileSystemSynchronizedBuildFileExceptionSet;
			membershipExceptions = (
				graphql/schema.graphqls,
				graphql/secrets.example.json,
				graphql/secrets.json,
			);
			target = 32F70A9C26F57F7E006E9B05 /* D2AWidgetExtension */;
		};
		792A58712F7E7A9700EC815A /* PBXFileSystemSynchronizedBuildFileExceptionSet */ = {
			isa = PBXFileSystemSynchronizedBuildFileExceptionSet;
			membershipExceptions = (
				graphql/schema.graphqls,
				graphql/secrets.example.json,
				graphql/secrets.json,
			);
			target = 32F70AE526F61836006E9B05 /* D2AWidgetIntentHandler */;
		};
/* End PBXFileSystemSynchronizedBuildFileExceptionSet section */

/* Begin PBXFileSystemSynchronizedGroupBuildPhaseMembershipExceptionSet section */
		792A58552F7E7A3D00EC815A /* PBXFileSystemSynchronizedGroupBuildPhaseMembershipExceptionSet */ = {
			isa = PBXFileSystemSynchronizedGroupBuildPhaseMembershipExceptionSet;
			buildPhase = 32F70A9926F57F7E006E9B05 /* Sources */;
			membershipExceptions = (
				/Localized/DynamicUserSelection.intentdefinition,
			);
		};
		792A58572F7E7A3D00EC815A /* PBXFileSystemSynchronizedGroupBuildPhaseMembershipExceptionSet */ = {
			isa = PBXFileSystemSynchronizedGroupBuildPhaseMembershipExceptionSet;
			buildPhase = 32F70AE226F61836006E9B05 /* Sources */;
			membershipExceptions = (
				/Localized/DynamicUserSelection.intentdefinition,
			);
		};
/* End PBXFileSystemSynchronizedGroupBuildPhaseMembershipExceptionSet section */

/* Begin PBXFileSystemSynchronizedRootGroup section */
		792A54A62F7E77A700EC815A /* Shared */ = {isa = PBXFileSystemSynchronizedRootGroup; explicitFileTypes = {}; explicitFolders = (); path = Shared; sourceTree = "<group>"; };
		792A57872F7E788500EC815A /* D2A */ = {isa = PBXFileSystemSynchronizedRootGroup; exceptions = (792A57972F7E796B00EC815A /* PBXFileSystemSynchronizedBuildFileExceptionSet */, 792A57982F7E796B00EC815A /* PBXFileSystemSynchronizedBuildFileExceptionSet */, ); explicitFileTypes = {}; explicitFolders = (); path = D2A; sourceTree = "<group>"; };
		792A582B2F7E7A1100EC815A /* ci_scripts */ = {isa = PBXFileSystemSynchronizedRootGroup; explicitFileTypes = {}; explicitFolders = (); path = ci_scripts; sourceTree = "<group>"; };
		792A582C2F7E7A2A00EC815A /* D2AWidget */ = {isa = PBXFileSystemSynchronizedRootGroup; exceptions = (792A58542F7E7A3D00EC815A /* PBXFileSystemSynchronizedBuildFileExceptionSet */, 792A58552F7E7A3D00EC815A /* PBXFileSystemSynchronizedGroupBuildPhaseMembershipExceptionSet */, 792A58562F7E7A3D00EC815A /* PBXFileSystemSynchronizedBuildFileExceptionSet */, 792A58572F7E7A3D00EC815A /* PBXFileSystemSynchronizedGroupBuildPhaseMembershipExceptionSet */, ); explicitFileTypes = {}; explicitFolders = (); path = D2AWidget; sourceTree = "<group>"; };
		792A585A2F7E7A5900EC815A /* D2AWidgetIntentHandler */ = {isa = PBXFileSystemSynchronizedRootGroup; exceptions = (792A585C2F7E7A6800EC815A /* PBXFileSystemSynchronizedBuildFileExceptionSet */, 792A585D2F7E7A6800EC815A /* PBXFileSystemSynchronizedBuildFileExceptionSet */, ); explicitFileTypes = {}; explicitFolders = (); path = D2AWidgetIntentHandler; sourceTree = "<group>"; };
		792A585E2F7E7A9000EC815A /* Resources */ = {isa = PBXFileSystemSynchronizedRootGroup; exceptions = (792A586F2F7E7A9700EC815A /* PBXFileSystemSynchronizedBuildFileExceptionSet */, 792A58702F7E7A9700EC815A /* PBXFileSystemSynchronizedBuildFileExceptionSet */, 792A58712F7E7A9700EC815A /* PBXFileSystemSynchronizedBuildFileExceptionSet */, ); explicitFileTypes = {}; explicitFolders = (); path = Resources; sourceTree = "<group>"; };
/* End PBXFileSystemSynchronizedRootGroup section */

/* Begin PBXFrameworksBuildPhase section */
		3289579627F6609B00BA9847 /* Frameworks */ = {
			isa = PBXFrameworksBuildPhase;
			buildActionMask = 2147483647;
			files = (
			);
			runOnlyForDeploymentPostprocessing = 0;
		};
		32B36F0826C38821002D427D /* Frameworks */ = {
			isa = PBXFrameworksBuildPhase;
			buildActionMask = 2147483647;
			files = (
				32D1605F26F3122800657449 /* StoreKit.framework in Frameworks */,
				79266DA42A31B078002FEF0F /* ApolloWebSocket in Frameworks */,
				79B8D9712F2889FA0030429D /* Logging in Frameworks */,
				790FBB2429C186AE00E27106 /* Apollo in Frameworks */,
				790FBB2A29C1876D00E27106 /* StratzAPI in Frameworks */,
				79B8D96F2F2889FA0030429D /* InMemoryLogging in Frameworks */,
				796674212E697BD500D102FA /* StratzAPI in Frameworks */,
			);
			runOnlyForDeploymentPostprocessing = 0;
		};
		32F70A9A26F57F7E006E9B05 /* Frameworks */ = {
			isa = PBXFrameworksBuildPhase;
			buildActionMask = 2147483647;
			files = (
				32F70A9F26F57F7E006E9B05 /* SwiftUI.framework in Frameworks */,
				790FBB3429C18AC800E27106 /* Apollo in Frameworks */,
				79266DA92A31B21D002FEF0F /* ApolloWebSocket in Frameworks */,
				32F70A9E26F57F7E006E9B05 /* WidgetKit.framework in Frameworks */,
				790FBB2C29C1877400E27106 /* StratzAPI in Frameworks */,
			);
			runOnlyForDeploymentPostprocessing = 0;
		};
		32F70AE326F61836006E9B05 /* Frameworks */ = {
			isa = PBXFrameworksBuildPhase;
			buildActionMask = 2147483647;
			files = (
				32F70AE826F61836006E9B05 /* Intents.framework in Frameworks */,
				79266DAB2A31B224002FEF0F /* ApolloWebSocket in Frameworks */,
				79D1043729E2991E00BC04B3 /* Apollo in Frameworks */,
				790FBB2E29C1877A00E27106 /* StratzAPI in Frameworks */,
			);
			runOnlyForDeploymentPostprocessing = 0;
		};
		793069982B5D323100A5CF5D /* Frameworks */ = {
			isa = PBXFrameworksBuildPhase;
			buildActionMask = 2147483647;
			files = (
			);
			runOnlyForDeploymentPostprocessing = 0;
		};
		7942FCFE2B706B49008CE4B0 /* Frameworks */ = {
			isa = PBXFrameworksBuildPhase;
			buildActionMask = 2147483647;
			files = (
			);
			runOnlyForDeploymentPostprocessing = 0;
		};
		79CF637629C40B6F0072F4C0 /* Frameworks */ = {
			isa = PBXFrameworksBuildPhase;
			buildActionMask = 2147483647;
			files = (
			);
			runOnlyForDeploymentPostprocessing = 0;
		};
/* End PBXFrameworksBuildPhase section */

/* Begin PBXGroup section */
		3289579A27F6609B00BA9847 /* Unit Tests */ = {
			isa = PBXGroup;
			children = (
				79B8DA412F29AA890030429D /* StaticDataSyncingTests.swift */,
				328957A227F660D400BA9847 /* DecodingTestCase.swift */,
				798C42922A3565BA00BDC470 /* LiveMatchKillEventTestCase.swift */,
			);
			path = "Unit Tests";
			sourceTree = "<group>";
		};
		32B36F0226C38821002D427D = {
			isa = PBXGroup;
			children = (
				792A585E2F7E7A9000EC815A /* Resources */,
				792A585A2F7E7A5900EC815A /* D2AWidgetIntentHandler */,
				792A582C2F7E7A2A00EC815A /* D2AWidget */,
				792A57872F7E788500EC815A /* D2A */,
				792A54A62F7E77A700EC815A /* Shared */,
				798A1D1729C183B500E443A6 /* StratzAPI */,
				79A989262931FA50006AC847 /* D2AProStore.storekit */,
				327C03432717AE8500DAEC42 /* README.md */,
				3289579A27F6609B00BA9847 /* Unit Tests */,
				79CF637A29C40B700072F4C0 /* UI Tests */,
				7930699C2B5D323100A5CF5D /* DataLoadingTests */,
				7942FD022B706B49008CE4B0 /* UIScreenshotTests */,
				32B36F0C26C38821002D427D /* Products */,
				78E76DAB4BB6331DA85B70C0 /* Frameworks */,
				792A582B2F7E7A1100EC815A /* ci_scripts */,
			);
			sourceTree = "<group>";
		};
		32B36F0C26C38821002D427D /* Products */ = {
			isa = PBXGroup;
			children = (
				32B36F0B26C38821002D427D /* D2A.app */,
				32F70A9D26F57F7E006E9B05 /* D2AWidgetExtension.appex */,
				32F70AE626F61836006E9B05 /* D2AWidgetIntentHandler.appex */,
				3289579927F6609B00BA9847 /* Unit Tests.xctest */,
				79CF637929C40B6F0072F4C0 /* UI Tests.xctest */,
				7930699B2B5D323100A5CF5D /* DataLoadingTests.xctest */,
				7942FD012B706B49008CE4B0 /* UIScreenshotTests.xctest */,
			);
			name = Products;
			sourceTree = "<group>";
		};
		78E76DAB4BB6331DA85B70C0 /* Frameworks */ = {
			isa = PBXGroup;
			children = (
				32D1605E26F3122800657449 /* StoreKit.framework */,
				32D1606A26F4EE1500657449 /* WidgetKit.framework */,
				32D1606C26F4EE1500657449 /* SwiftUI.framework */,
				32F70AE726F61836006E9B05 /* Intents.framework */,
			);
			name = Frameworks;
			sourceTree = "<group>";
		};
		7930699C2B5D323100A5CF5D /* DataLoadingTests */ = {
			isa = PBXGroup;
			children = (
				792A546D2F777B2100EC815A /* SyncingTests.swift */,
				79518D062F72A840005C9449 /* StratzFetchingTests.swift */,
				79518CE02F7257B3005C9449 /* OpenDotaConstantsFetchingTests.swift */,
			);
			path = DataLoadingTests;
			sourceTree = "<group>";
		};
		7942FD022B706B49008CE4B0 /* UIScreenshotTests */ = {
			isa = PBXGroup;
			children = (
				790102B929F40C4600E8A320 /* ScreenShotTests.swift */,
			);
			path = UIScreenshotTests;
			sourceTree = "<group>";
		};
		79CF637A29C40B700072F4C0 /* UI Tests */ = {
			isa = PBXGroup;
			children = (
				79CF637B29C40B700072F4C0 /* D2AUITests.swift */,
				7942FD0D2B706B85008CE4B0 /* XCTestCase+Extension.swift */,
			);
			path = "UI Tests";
			sourceTree = "<group>";
		};
/* End PBXGroup section */

/* Begin PBXNativeTarget section */
		3289579827F6609B00BA9847 /* Unit Tests */ = {
			isa = PBXNativeTarget;
			buildConfigurationList = 328957A127F6609B00BA9847 /* Build configuration list for PBXNativeTarget "Unit Tests" */;
			buildPhases = (
				3289579527F6609B00BA9847 /* Sources */,
				3289579627F6609B00BA9847 /* Frameworks */,
				3289579727F6609B00BA9847 /* Resources */,
			);
			buildRules = (
			);
			dependencies = (
				3289579E27F6609B00BA9847 /* PBXTargetDependency */,
			);
			name = "Unit Tests";
			productName = AppTests;
			productReference = 3289579927F6609B00BA9847 /* Unit Tests.xctest */;
			productType = "com.apple.product-type.bundle.unit-test";
		};
		32B36F0A26C38821002D427D /* D2A */ = {
			isa = PBXNativeTarget;
			buildConfigurationList = 32B36F1A26C38822002D427D /* Build configuration list for PBXNativeTarget "D2A" */;
			buildPhases = (
				32B36F0726C38821002D427D /* Sources */,
				32B36F0826C38821002D427D /* Frameworks */,
				32B36F0926C38821002D427D /* Resources */,
				32D1607D26F4EE1600657449 /* Embed Foundation Extensions */,
				79BE5D7D2A6FC9F500DF74E7 /* Embed Frameworks */,
			);
			buildRules = (
			);
			dependencies = (
				32F70AA726F57F7E006E9B05 /* PBXTargetDependency */,
				32F70AEE26F61836006E9B05 /* PBXTargetDependency */,
			);
			fileSystemSynchronizedGroups = (
				792A54A62F7E77A700EC815A /* Shared */,
				792A57872F7E788500EC815A /* D2A */,
				792A582B2F7E7A1100EC815A /* ci_scripts */,
				792A585E2F7E7A9000EC815A /* Resources */,
			);
			name = D2A;
			packageProductDependencies = (
				790FBB2329C186AE00E27106 /* Apollo */,
				790FBB2929C1876D00E27106 /* StratzAPI */,
				79266DA32A31B078002FEF0F /* ApolloWebSocket */,
				796674202E697BD500D102FA /* StratzAPI */,
				79B8D96E2F2889FA0030429D /* InMemoryLogging */,
				79B8D9702F2889FA0030429D /* Logging */,
			);
			productName = App;
			productReference = 32B36F0B26C38821002D427D /* D2A.app */;
			productType = "com.apple.product-type.application";
		};
		32F70A9C26F57F7E006E9B05 /* D2AWidgetExtension */ = {
			isa = PBXNativeTarget;
			buildConfigurationList = 32F70AA926F57F7E006E9B05 /* Build configuration list for PBXNativeTarget "D2AWidgetExtension" */;
			buildPhases = (
				32F70A9926F57F7E006E9B05 /* Sources */,
				32F70A9A26F57F7E006E9B05 /* Frameworks */,
				32F70A9B26F57F7E006E9B05 /* Resources */,
			);
			buildRules = (
			);
			dependencies = (
			);
			fileSystemSynchronizedGroups = (
				792A54A62F7E77A700EC815A /* Shared */,
				792A582C2F7E7A2A00EC815A /* D2AWidget */,
				792A585A2F7E7A5900EC815A /* D2AWidgetIntentHandler */,
			);
			name = D2AWidgetExtension;
			packageProductDependencies = (
				790FBB2B29C1877400E27106 /* StratzAPI */,
				790FBB3329C18AC800E27106 /* Apollo */,
				79266DA82A31B21D002FEF0F /* ApolloWebSocket */,
			);
			productName = AppWidgetExtension;
			productReference = 32F70A9D26F57F7E006E9B05 /* D2AWidgetExtension.appex */;
			productType = "com.apple.product-type.app-extension";
		};
		32F70AE526F61836006E9B05 /* D2AWidgetIntentHandler */ = {
			isa = PBXNativeTarget;
			buildConfigurationList = 32F70AF026F61836006E9B05 /* Build configuration list for PBXNativeTarget "D2AWidgetIntentHandler" */;
			buildPhases = (
				32F70AE226F61836006E9B05 /* Sources */,
				32F70AE326F61836006E9B05 /* Frameworks */,
				32F70AE426F61836006E9B05 /* Resources */,
			);
			buildRules = (
			);
			dependencies = (
			);
			fileSystemSynchronizedGroups = (
				792A54A62F7E77A700EC815A /* Shared */,
			);
			name = D2AWidgetIntentHandler;
			packageProductDependencies = (
				790FBB2D29C1877A00E27106 /* StratzAPI */,
				79D1043629E2991E00BC04B3 /* Apollo */,
				79266DAA2A31B224002FEF0F /* ApolloWebSocket */,
			);
			productName = AppWidgetIntentHandler;
			productReference = 32F70AE626F61836006E9B05 /* D2AWidgetIntentHandler.appex */;
			productType = "com.apple.product-type.app-extension";
		};
		7930699A2B5D323100A5CF5D /* DataLoadingTests */ = {
			isa = PBXNativeTarget;
			buildConfigurationList = 793069A32B5D323100A5CF5D /* Build configuration list for PBXNativeTarget "DataLoadingTests" */;
			buildPhases = (
				793069972B5D323100A5CF5D /* Sources */,
				793069982B5D323100A5CF5D /* Frameworks */,
				793069992B5D323100A5CF5D /* Resources */,
			);
			buildRules = (
			);
			dependencies = (
				793069A02B5D323100A5CF5D /* PBXTargetDependency */,
			);
			name = DataLoadingTests;
			productName = D2ADataLoadingTests;
			productReference = 7930699B2B5D323100A5CF5D /* DataLoadingTests.xctest */;
			productType = "com.apple.product-type.bundle.unit-test";
		};
		7942FD002B706B49008CE4B0 /* UIScreenshotTests */ = {
			isa = PBXNativeTarget;
			buildConfigurationList = 7942FD0B2B706B49008CE4B0 /* Build configuration list for PBXNativeTarget "UIScreenshotTests" */;
			buildPhases = (
				7942FCFD2B706B49008CE4B0 /* Sources */,
				7942FCFE2B706B49008CE4B0 /* Frameworks */,
				7942FCFF2B706B49008CE4B0 /* Resources */,
			);
			buildRules = (
			);
			dependencies = (
				7942FD082B706B49008CE4B0 /* PBXTargetDependency */,
			);
			name = UIScreenshotTests;
			productName = D2AUIScreenshotTests;
			productReference = 7942FD012B706B49008CE4B0 /* UIScreenshotTests.xctest */;
			productType = "com.apple.product-type.bundle.ui-testing";
		};
		79CF637829C40B6F0072F4C0 /* UI Tests */ = {
			isa = PBXNativeTarget;
			buildConfigurationList = 79CF638329C40B700072F4C0 /* Build configuration list for PBXNativeTarget "UI Tests" */;
			buildPhases = (
				79CF637529C40B6F0072F4C0 /* Sources */,
				79CF637629C40B6F0072F4C0 /* Frameworks */,
				79CF637729C40B6F0072F4C0 /* Resources */,
			);
			buildRules = (
			);
			dependencies = (
				79CF638029C40B700072F4C0 /* PBXTargetDependency */,
			);
			name = "UI Tests";
			productName = D2AUITests;
			productReference = 79CF637929C40B6F0072F4C0 /* UI Tests.xctest */;
			productType = "com.apple.product-type.bundle.ui-testing";
		};
/* End PBXNativeTarget section */

/* Begin PBXProject section */
		32B36F0326C38821002D427D /* Project object */ = {
			isa = PBXProject;
			attributes = {
				BuildIndependentTargetsInParallel = YES;
				LastSwiftUpdateCheck = 1520;
				LastUpgradeCheck = 1430;
				TargetAttributes = {
					3289579827F6609B00BA9847 = {
						CreatedOnToolsVersion = 13.3;
						TestTargetID = 32B36F0A26C38821002D427D;
					};
					32B36F0A26C38821002D427D = {
						CreatedOnToolsVersion = 12.5.1;
					};
					32F70A9C26F57F7E006E9B05 = {
						CreatedOnToolsVersion = 12.5.1;
					};
					32F70AE526F61836006E9B05 = {
						CreatedOnToolsVersion = 12.5.1;
					};
					7930699A2B5D323100A5CF5D = {
						CreatedOnToolsVersion = 15.2;
						TestTargetID = 32B36F0A26C38821002D427D;
					};
					7942FD002B706B49008CE4B0 = {
						CreatedOnToolsVersion = 15.2;
						TestTargetID = 32B36F0A26C38821002D427D;
					};
					79CF637829C40B6F0072F4C0 = {
						CreatedOnToolsVersion = 14.2;
						TestTargetID = 32B36F0A26C38821002D427D;
					};
				};
			};
			buildConfigurationList = 32B36F0626C38821002D427D /* Build configuration list for PBXProject "D2A" */;
			developmentRegion = en;
			hasScannedForEncodings = 0;
			knownRegions = (
				en,
				Base,
				"zh-Hans",
			);
			mainGroup = 32B36F0226C38821002D427D;
			packageReferences = (
				790FBB2229C186AE00E27106 /* XCRemoteSwiftPackageReference "apollo-ios" */,
				7966741F2E697BD500D102FA /* XCLocalSwiftPackageReference "StratzAPI" */,
				79B8D96D2F2889FA0030429D /* XCRemoteSwiftPackageReference "swift-log" */,
			);
			preferredProjectObjectVersion = 50;
			productRefGroup = 32B36F0C26C38821002D427D /* Products */;
			projectDirPath = "";
			projectRoot = "";
			targets = (
				32B36F0A26C38821002D427D /* D2A */,
				32F70A9C26F57F7E006E9B05 /* D2AWidgetExtension */,
				32F70AE526F61836006E9B05 /* D2AWidgetIntentHandler */,
				3289579827F6609B00BA9847 /* Unit Tests */,
				79CF637829C40B6F0072F4C0 /* UI Tests */,
				7930699A2B5D323100A5CF5D /* DataLoadingTests */,
				7942FD002B706B49008CE4B0 /* UIScreenshotTests */,
			);
		};
/* End PBXProject section */

/* Begin PBXResourcesBuildPhase section */
		3289579727F6609B00BA9847 /* Resources */ = {
			isa = PBXResourcesBuildPhase;
			buildActionMask = 2147483647;
			files = (
			);
			runOnlyForDeploymentPostprocessing = 0;
		};
		32B36F0926C38821002D427D /* Resources */ = {
			isa = PBXResourcesBuildPhase;
			buildActionMask = 2147483647;
			files = (
				327C03442717AE8500DAEC42 /* README.md in Resources */,
			);
			runOnlyForDeploymentPostprocessing = 0;
		};
		32F70A9B26F57F7E006E9B05 /* Resources */ = {
			isa = PBXResourcesBuildPhase;
			buildActionMask = 2147483647;
			files = (
			);
			runOnlyForDeploymentPostprocessing = 0;
		};
		32F70AE426F61836006E9B05 /* Resources */ = {
			isa = PBXResourcesBuildPhase;
			buildActionMask = 2147483647;
			files = (
			);
			runOnlyForDeploymentPostprocessing = 0;
		};
		793069992B5D323100A5CF5D /* Resources */ = {
			isa = PBXResourcesBuildPhase;
			buildActionMask = 2147483647;
			files = (
			);
			runOnlyForDeploymentPostprocessing = 0;
		};
		7942FCFF2B706B49008CE4B0 /* Resources */ = {
			isa = PBXResourcesBuildPhase;
			buildActionMask = 2147483647;
			files = (
			);
			runOnlyForDeploymentPostprocessing = 0;
		};
		79CF637729C40B6F0072F4C0 /* Resources */ = {
			isa = PBXResourcesBuildPhase;
			buildActionMask = 2147483647;
			files = (
			);
			runOnlyForDeploymentPostprocessing = 0;
		};
/* End PBXResourcesBuildPhase section */

/* Begin PBXSourcesBuildPhase section */
		3289579527F6609B00BA9847 /* Sources */ = {
			isa = PBXSourcesBuildPhase;
			buildActionMask = 2147483647;
			files = (
				798C42932A3565BA00BDC470 /* LiveMatchKillEventTestCase.swift in Sources */,
				328957A327F660D400BA9847 /* DecodingTestCase.swift in Sources */,
				79B8DA422F29AA900030429D /* StaticDataSyncingTests.swift in Sources */,
			);
			runOnlyForDeploymentPostprocessing = 0;
		};
		32B36F0726C38821002D427D /* Sources */ = {
			isa = PBXSourcesBuildPhase;
			buildActionMask = 2147483647;
			files = (
			);
			runOnlyForDeploymentPostprocessing = 0;
		};
		32F70A9926F57F7E006E9B05 /* Sources */ = {
			isa = PBXSourcesBuildPhase;
			buildActionMask = 2147483647;
			files = (
			);
			runOnlyForDeploymentPostprocessing = 0;
		};
		32F70AE226F61836006E9B05 /* Sources */ = {
			isa = PBXSourcesBuildPhase;
			buildActionMask = 2147483647;
			files = (
			);
			runOnlyForDeploymentPostprocessing = 0;
		};
		793069972B5D323100A5CF5D /* Sources */ = {
			isa = PBXSourcesBuildPhase;
			buildActionMask = 2147483647;
			files = (
				79518CE22F725A52005C9449 /* OpenDotaConstantsFetchingTests.swift in Sources */,
				79518D072F72A84A005C9449 /* StratzFetchingTests.swift in Sources */,
				792A546E2F777B2500EC815A /* SyncingTests.swift in Sources */,
			);
			runOnlyForDeploymentPostprocessing = 0;
		};
		7942FCFD2B706B49008CE4B0 /* Sources */ = {
			isa = PBXSourcesBuildPhase;
			buildActionMask = 2147483647;
			files = (
				7942FD0F2B706B90008CE4B0 /* XCTestCase+Extension.swift in Sources */,
				7942FD0C2B706B57008CE4B0 /* ScreenShotTests.swift in Sources */,
			);
			runOnlyForDeploymentPostprocessing = 0;
		};
		79CF637529C40B6F0072F4C0 /* Sources */ = {
			isa = PBXSourcesBuildPhase;
			buildActionMask = 2147483647;
			files = (
				7942FD0E2B706B85008CE4B0 /* XCTestCase+Extension.swift in Sources */,
				79CF637C29C40B700072F4C0 /* D2AUITests.swift in Sources */,
			);
			runOnlyForDeploymentPostprocessing = 0;
		};
/* End PBXSourcesBuildPhase section */

/* Begin PBXTargetDependency section */
		3289579E27F6609B00BA9847 /* PBXTargetDependency */ = {
			isa = PBXTargetDependency;
			target = 32B36F0A26C38821002D427D /* D2A */;
			targetProxy = 3289579D27F6609B00BA9847 /* PBXContainerItemProxy */;
		};
		32F70AA726F57F7E006E9B05 /* PBXTargetDependency */ = {
			isa = PBXTargetDependency;
			platformFilter = ios;
			target = 32F70A9C26F57F7E006E9B05 /* D2AWidgetExtension */;
			targetProxy = 32F70AA626F57F7E006E9B05 /* PBXContainerItemProxy */;
		};
		32F70AEE26F61836006E9B05 /* PBXTargetDependency */ = {
			isa = PBXTargetDependency;
			platformFilter = ios;
			target = 32F70AE526F61836006E9B05 /* D2AWidgetIntentHandler */;
			targetProxy = 32F70AED26F61836006E9B05 /* PBXContainerItemProxy */;
		};
		793069A02B5D323100A5CF5D /* PBXTargetDependency */ = {
			isa = PBXTargetDependency;
			target = 32B36F0A26C38821002D427D /* D2A */;
			targetProxy = 7930699F2B5D323100A5CF5D /* PBXContainerItemProxy */;
		};
		7942FD082B706B49008CE4B0 /* PBXTargetDependency */ = {
			isa = PBXTargetDependency;
			target = 32B36F0A26C38821002D427D /* D2A */;
			targetProxy = 7942FD072B706B49008CE4B0 /* PBXContainerItemProxy */;
		};
		79CF638029C40B700072F4C0 /* PBXTargetDependency */ = {
			isa = PBXTargetDependency;
			target = 32B36F0A26C38821002D427D /* D2A */;
			targetProxy = 79CF637F29C40B700072F4C0 /* PBXContainerItemProxy */;
		};
/* End PBXTargetDependency section */

/* Begin XCBuildConfiguration section */
		3289579F27F6609B00BA9847 /* Debug */ = {
			isa = XCBuildConfiguration;
			buildSettings = {
				BUNDLE_LOADER = "$(TEST_HOST)";
				CLANG_CXX_LANGUAGE_STANDARD = "gnu++17";
				CODE_SIGN_STYLE = Automatic;
				CURRENT_PROJECT_VERSION = 1;
				DEVELOPMENT_TEAM = 6ZU3XJ94Y7;
				GENERATE_INFOPLIST_FILE = YES;
				IPHONEOS_DEPLOYMENT_TARGET = 15.0;
				LD_RUNPATH_SEARCH_PATHS = (
					"$(inherited)",
					/usr/lib/swift,
					"\"$(PLATFORM_DIR)/Developer/Library/Frameworks\"",
					"'@executable_path/Frameworks'",
					"'@loader_path/Frameworks'",
					"$(FRAMEWORK_SEARCH_PATHS)",
				);
				MARKETING_VERSION = 1.0;
				PRODUCT_BUNDLE_IDENTIFIER = com.shibotong.AppTests;
				PRODUCT_NAME = "$(TARGET_NAME)";
				SWIFT_EMIT_LOC_STRINGS = NO;
				SWIFT_VERSION = 5.0;
				TARGETED_DEVICE_FAMILY = "1,2";
				TEST_HOST = "$(BUILT_PRODUCTS_DIR)/D2A.app/D2A";
			};
			name = Debug;
		};
		328957A027F6609B00BA9847 /* Release */ = {
			isa = XCBuildConfiguration;
			buildSettings = {
				BUNDLE_LOADER = "$(TEST_HOST)";
				CLANG_CXX_LANGUAGE_STANDARD = "gnu++17";
				CODE_SIGN_STYLE = Automatic;
				CURRENT_PROJECT_VERSION = 1;
				DEVELOPMENT_TEAM = 6ZU3XJ94Y7;
				GENERATE_INFOPLIST_FILE = YES;
				IPHONEOS_DEPLOYMENT_TARGET = 15.0;
				LD_RUNPATH_SEARCH_PATHS = (
					"$(inherited)",
					/usr/lib/swift,
					"\"$(PLATFORM_DIR)/Developer/Library/Frameworks\"",
					"'@executable_path/Frameworks'",
					"'@loader_path/Frameworks'",
					"$(FRAMEWORK_SEARCH_PATHS)",
				);
				MARKETING_VERSION = 1.0;
				PRODUCT_BUNDLE_IDENTIFIER = com.shibotong.AppTests;
				PRODUCT_NAME = "$(TARGET_NAME)";
				SWIFT_EMIT_LOC_STRINGS = NO;
				SWIFT_VERSION = 5.0;
				TARGETED_DEVICE_FAMILY = "1,2";
				TEST_HOST = "$(BUILT_PRODUCTS_DIR)/D2A.app/D2A";
			};
			name = Release;
		};
		32B36F1826C38822002D427D /* Debug */ = {
			isa = XCBuildConfiguration;
			buildSettings = {
				ALWAYS_SEARCH_USER_PATHS = NO;
				CLANG_ANALYZER_LOCALIZABILITY_NONLOCALIZED = YES;
				CLANG_ANALYZER_NONNULL = YES;
				CLANG_ANALYZER_NUMBER_OBJECT_CONVERSION = YES_AGGRESSIVE;
				CLANG_CXX_LANGUAGE_STANDARD = "gnu++14";
				CLANG_CXX_LIBRARY = "libc++";
				CLANG_ENABLE_MODULES = YES;
				CLANG_ENABLE_OBJC_ARC = YES;
				CLANG_ENABLE_OBJC_WEAK = YES;
				CLANG_WARN_BLOCK_CAPTURE_AUTORELEASING = YES;
				CLANG_WARN_BOOL_CONVERSION = YES;
				CLANG_WARN_COMMA = YES;
				CLANG_WARN_CONSTANT_CONVERSION = YES;
				CLANG_WARN_DEPRECATED_OBJC_IMPLEMENTATIONS = YES;
				CLANG_WARN_DIRECT_OBJC_ISA_USAGE = YES_ERROR;
				CLANG_WARN_DOCUMENTATION_COMMENTS = YES;
				CLANG_WARN_EMPTY_BODY = YES;
				CLANG_WARN_ENUM_CONVERSION = YES;
				CLANG_WARN_INFINITE_RECURSION = YES;
				CLANG_WARN_INT_CONVERSION = YES;
				CLANG_WARN_NON_LITERAL_NULL_CONVERSION = YES;
				CLANG_WARN_OBJC_IMPLICIT_RETAIN_SELF = YES;
				CLANG_WARN_OBJC_LITERAL_CONVERSION = YES;
				CLANG_WARN_OBJC_ROOT_CLASS = YES_ERROR;
				CLANG_WARN_QUOTED_INCLUDE_IN_FRAMEWORK_HEADER = YES;
				CLANG_WARN_RANGE_LOOP_ANALYSIS = YES;
				CLANG_WARN_STRICT_PROTOTYPES = YES;
				CLANG_WARN_SUSPICIOUS_MOVE = YES;
				CLANG_WARN_UNGUARDED_AVAILABILITY = YES_AGGRESSIVE;
				CLANG_WARN_UNREACHABLE_CODE = YES;
				CLANG_WARN__DUPLICATE_METHOD_MATCH = YES;
				COPY_PHASE_STRIP = NO;
				DEBUG_INFORMATION_FORMAT = dwarf;
				ENABLE_STRICT_OBJC_MSGSEND = YES;
				ENABLE_TESTABILITY = YES;
				GCC_C_LANGUAGE_STANDARD = gnu11;
				GCC_DYNAMIC_NO_PIC = NO;
				GCC_NO_COMMON_BLOCKS = YES;
				GCC_OPTIMIZATION_LEVEL = 0;
				GCC_PREPROCESSOR_DEFINITIONS = (
					"DEBUG=1",
					"$(inherited)",
				);
				GCC_WARN_64_TO_32_BIT_CONVERSION = YES;
				GCC_WARN_ABOUT_RETURN_TYPE = YES_ERROR;
				GCC_WARN_UNDECLARED_SELECTOR = YES;
				GCC_WARN_UNINITIALIZED_AUTOS = YES_AGGRESSIVE;
				GCC_WARN_UNUSED_FUNCTION = YES;
				GCC_WARN_UNUSED_VARIABLE = YES;
				IPHONEOS_DEPLOYMENT_TARGET = 15.0;
				MTL_ENABLE_DEBUG_INFO = INCLUDE_SOURCE;
				MTL_FAST_MATH = YES;
				ONLY_ACTIVE_ARCH = YES;
				SDKROOT = iphoneos;
				SWIFT_ACTIVE_COMPILATION_CONDITIONS = DEBUG;
				SWIFT_APPROACHABLE_CONCURRENCY = YES;
				SWIFT_DEFAULT_ACTOR_ISOLATION = MainActor;
				SWIFT_OPTIMIZATION_LEVEL = "-Onone";
			};
			name = Debug;
		};
		32B36F1926C38822002D427D /* Release */ = {
			isa = XCBuildConfiguration;
			buildSettings = {
				ALWAYS_SEARCH_USER_PATHS = NO;
				CLANG_ANALYZER_LOCALIZABILITY_NONLOCALIZED = YES;
				CLANG_ANALYZER_NONNULL = YES;
				CLANG_ANALYZER_NUMBER_OBJECT_CONVERSION = YES_AGGRESSIVE;
				CLANG_CXX_LANGUAGE_STANDARD = "gnu++14";
				CLANG_CXX_LIBRARY = "libc++";
				CLANG_ENABLE_MODULES = YES;
				CLANG_ENABLE_OBJC_ARC = YES;
				CLANG_ENABLE_OBJC_WEAK = YES;
				CLANG_WARN_BLOCK_CAPTURE_AUTORELEASING = YES;
				CLANG_WARN_BOOL_CONVERSION = YES;
				CLANG_WARN_COMMA = YES;
				CLANG_WARN_CONSTANT_CONVERSION = YES;
				CLANG_WARN_DEPRECATED_OBJC_IMPLEMENTATIONS = YES;
				CLANG_WARN_DIRECT_OBJC_ISA_USAGE = YES_ERROR;
				CLANG_WARN_DOCUMENTATION_COMMENTS = YES;
				CLANG_WARN_EMPTY_BODY = YES;
				CLANG_WARN_ENUM_CONVERSION = YES;
				CLANG_WARN_INFINITE_RECURSION = YES;
				CLANG_WARN_INT_CONVERSION = YES;
				CLANG_WARN_NON_LITERAL_NULL_CONVERSION = YES;
				CLANG_WARN_OBJC_IMPLICIT_RETAIN_SELF = YES;
				CLANG_WARN_OBJC_LITERAL_CONVERSION = YES;
				CLANG_WARN_OBJC_ROOT_CLASS = YES_ERROR;
				CLANG_WARN_QUOTED_INCLUDE_IN_FRAMEWORK_HEADER = YES;
				CLANG_WARN_RANGE_LOOP_ANALYSIS = YES;
				CLANG_WARN_STRICT_PROTOTYPES = YES;
				CLANG_WARN_SUSPICIOUS_MOVE = YES;
				CLANG_WARN_UNGUARDED_AVAILABILITY = YES_AGGRESSIVE;
				CLANG_WARN_UNREACHABLE_CODE = YES;
				CLANG_WARN__DUPLICATE_METHOD_MATCH = YES;
				COPY_PHASE_STRIP = NO;
				DEBUG_INFORMATION_FORMAT = "dwarf-with-dsym";
				ENABLE_NS_ASSERTIONS = NO;
				ENABLE_STRICT_OBJC_MSGSEND = YES;
				GCC_C_LANGUAGE_STANDARD = gnu11;
				GCC_NO_COMMON_BLOCKS = YES;
				GCC_WARN_64_TO_32_BIT_CONVERSION = YES;
				GCC_WARN_ABOUT_RETURN_TYPE = YES_ERROR;
				GCC_WARN_UNDECLARED_SELECTOR = YES;
				GCC_WARN_UNINITIALIZED_AUTOS = YES_AGGRESSIVE;
				GCC_WARN_UNUSED_FUNCTION = YES;
				GCC_WARN_UNUSED_VARIABLE = YES;
				IPHONEOS_DEPLOYMENT_TARGET = 15.0;
				MTL_ENABLE_DEBUG_INFO = NO;
				MTL_FAST_MATH = YES;
				ONLY_ACTIVE_ARCH = NO;
				SDKROOT = iphoneos;
				SWIFT_APPROACHABLE_CONCURRENCY = YES;
				SWIFT_COMPILATION_MODE = wholemodule;
				SWIFT_DEFAULT_ACTOR_ISOLATION = MainActor;
				SWIFT_OPTIMIZATION_LEVEL = "-O";
				VALIDATE_PRODUCT = YES;
			};
			name = Release;
		};
		32B36F1B26C38822002D427D /* Debug */ = {
			isa = XCBuildConfiguration;
			buildSettings = {
				ALWAYS_EMBED_SWIFT_STANDARD_LIBRARIES = YES;
				ASSETCATALOG_COMPILER_APPICON_NAME = AppIcon;
				ASSETCATALOG_COMPILER_GLOBAL_ACCENT_COLOR_NAME = AccentColor;
				CODE_SIGN_ENTITLEMENTS = D2A/D2ADebug.entitlements;
				CODE_SIGN_STYLE = Automatic;
				CURRENT_PROJECT_VERSION = 1;
				DEAD_CODE_STRIPPING = YES;
				DEVELOPMENT_ASSET_PATHS = "\"D2A/Preview Content\"";
				DEVELOPMENT_TEAM = MRB66268H7;
				ENABLE_PREVIEWS = YES;
				INFOPLIST_FILE = "$(SRCROOT)/D2A/Info.plist";
				INFOPLIST_KEY_CFBundleDisplayName = D2A;
				IPHONEOS_DEPLOYMENT_TARGET = 15.0;
				LD_RUNPATH_SEARCH_PATHS = (
					"$(inherited)",
					"@executable_path/Frameworks",
					"$(FRAMEWORK_SEARCH_PATHS)",
				);
				MARKETING_VERSION = 3.0.0;
				OTHER_SWIFT_FLAGS = "$(inherited)";
				PRODUCT_BUNDLE_IDENTIFIER = com.shibodev.dotaarmory;
				PRODUCT_NAME = "$(TARGET_NAME)";
				SUPPORTED_PLATFORMS = "iphoneos iphonesimulator";
				SUPPORTS_MACCATALYST = NO;
				SUPPORTS_MAC_DESIGNED_FOR_IPHONE_IPAD = NO;
				SWIFT_OPTIMIZATION_LEVEL = "-Onone";
				SWIFT_VERSION = 5.0;
				TARGETED_DEVICE_FAMILY = "1,2";
			};
			name = Debug;
		};
		32B36F1C26C38822002D427D /* Release */ = {
			isa = XCBuildConfiguration;
			buildSettings = {
				ALWAYS_EMBED_SWIFT_STANDARD_LIBRARIES = YES;
				ASSETCATALOG_COMPILER_APPICON_NAME = AppIcon;
				ASSETCATALOG_COMPILER_GLOBAL_ACCENT_COLOR_NAME = AccentColor;
				CODE_SIGN_ENTITLEMENTS = D2A/D2ARelease.entitlements;
				CODE_SIGN_STYLE = Automatic;
				CURRENT_PROJECT_VERSION = 1;
				DEAD_CODE_STRIPPING = YES;
				DEVELOPMENT_ASSET_PATHS = "\"D2A/Preview Content\"";
				DEVELOPMENT_TEAM = MRB66268H7;
				ENABLE_PREVIEWS = YES;
				INFOPLIST_FILE = "$(SRCROOT)/D2A/Info.plist";
				INFOPLIST_KEY_CFBundleDisplayName = D2A;
				IPHONEOS_DEPLOYMENT_TARGET = 15.0;
				LD_RUNPATH_SEARCH_PATHS = (
					"$(inherited)",
					"@executable_path/Frameworks",
					"$(FRAMEWORK_SEARCH_PATHS)",
				);
				MARKETING_VERSION = 3.0.0;
				ONLY_ACTIVE_ARCH = YES;
				OTHER_SWIFT_FLAGS = "$(inherited)";
				PRODUCT_BUNDLE_IDENTIFIER = com.shibodev.dotaarmory;
				PRODUCT_NAME = "$(TARGET_NAME)";
				SUPPORTED_PLATFORMS = "iphoneos iphonesimulator";
				SUPPORTS_MACCATALYST = NO;
				SUPPORTS_MAC_DESIGNED_FOR_IPHONE_IPAD = NO;
				SWIFT_OPTIMIZATION_LEVEL = "-Osize";
				SWIFT_VERSION = 5.0;
				TARGETED_DEVICE_FAMILY = "1,2";
			};
			name = Release;
		};
		32F70AAA26F57F7E006E9B05 /* Debug */ = {
			isa = XCBuildConfiguration;
			buildSettings = {
				ASSETCATALOG_COMPILER_GLOBAL_ACCENT_COLOR_NAME = AccentColor;
				ASSETCATALOG_COMPILER_WIDGET_BACKGROUND_COLOR_NAME = WidgetBackground;
				CODE_SIGN_ENTITLEMENTS = D2AWidget/D2AWidgetExtensionDebug.entitlements;
				CODE_SIGN_STYLE = Automatic;
				CURRENT_PROJECT_VERSION = 1;
				DEAD_CODE_STRIPPING = YES;
				DEVELOPMENT_TEAM = MRB66268H7;
				INFOPLIST_FILE = "$(SRCROOT)/D2AWidget/Info.plist";
				IPHONEOS_DEPLOYMENT_TARGET = 16.0;
				LD_RUNPATH_SEARCH_PATHS = (
					"$(inherited)",
					"@executable_path/Frameworks",
					"@executable_path/../../Frameworks",
				);
				MARKETING_VERSION = 3.0.0;
				PRODUCT_BUNDLE_IDENTIFIER = com.shibodev.dotaarmory.Widget;
				PRODUCT_NAME = "$(TARGET_NAME)";
				SKIP_INSTALL = YES;
				SUPPORTS_MACCATALYST = NO;
				SWIFT_VERSION = 5.0;
				TARGETED_DEVICE_FAMILY = "1,2";
			};
			name = Debug;
		};
		32F70AAB26F57F7E006E9B05 /* Release */ = {
			isa = XCBuildConfiguration;
			buildSettings = {
				ASSETCATALOG_COMPILER_GLOBAL_ACCENT_COLOR_NAME = AccentColor;
				ASSETCATALOG_COMPILER_WIDGET_BACKGROUND_COLOR_NAME = WidgetBackground;
				CODE_SIGN_ENTITLEMENTS = D2AWidget/D2AWidgetExtensionRelease.entitlements;
				CODE_SIGN_STYLE = Automatic;
				CURRENT_PROJECT_VERSION = 1;
				DEAD_CODE_STRIPPING = YES;
				DEVELOPMENT_TEAM = MRB66268H7;
				INFOPLIST_FILE = "$(SRCROOT)/D2AWidget/Info.plist";
				IPHONEOS_DEPLOYMENT_TARGET = 16.0;
				LD_RUNPATH_SEARCH_PATHS = (
					"$(inherited)",
					"@executable_path/Frameworks",
					"@executable_path/../../Frameworks",
				);
				MARKETING_VERSION = 3.0.0;
				PRODUCT_BUNDLE_IDENTIFIER = com.shibodev.dotaarmory.Widget;
				PRODUCT_NAME = "$(TARGET_NAME)";
				SKIP_INSTALL = YES;
				SUPPORTS_MACCATALYST = NO;
				SWIFT_VERSION = 5.0;
				TARGETED_DEVICE_FAMILY = "1,2";
			};
			name = Release;
		};
		32F70AF126F61836006E9B05 /* Debug */ = {
			isa = XCBuildConfiguration;
			buildSettings = {
				CODE_SIGN_ENTITLEMENTS = D2AWidgetIntentHandler/D2AWidgetIntentHandlerDebug.entitlements;
				CODE_SIGN_STYLE = Automatic;
				CURRENT_PROJECT_VERSION = 1;
				DEVELOPMENT_TEAM = MRB66268H7;
				INFOPLIST_FILE = "$(SRCROOT)/D2AWidgetIntentHandler/Info.plist";
				IPHONEOS_DEPLOYMENT_TARGET = 15.0;
				LD_RUNPATH_SEARCH_PATHS = (
					"$(inherited)",
					"@executable_path/Frameworks",
					"@executable_path/../../Frameworks",
				);
				MARKETING_VERSION = 3.0.0;
				PRODUCT_BUNDLE_IDENTIFIER = com.shibodev.dotaarmory.WidgetIntentHandler;
				PRODUCT_NAME = "$(TARGET_NAME)";
				SKIP_INSTALL = YES;
				SUPPORTS_MACCATALYST = NO;
				SWIFT_VERSION = 5.0;
				TARGETED_DEVICE_FAMILY = "1,2";
			};
			name = Debug;
		};
		32F70AF226F61836006E9B05 /* Release */ = {
			isa = XCBuildConfiguration;
			buildSettings = {
				CODE_SIGN_ENTITLEMENTS = D2AWidgetIntentHandler/D2AWidgetIntentHandlerRelease.entitlements;
				CODE_SIGN_STYLE = Automatic;
				CURRENT_PROJECT_VERSION = 1;
				DEVELOPMENT_TEAM = MRB66268H7;
				INFOPLIST_FILE = "$(SRCROOT)/D2AWidgetIntentHandler/Info.plist";
				IPHONEOS_DEPLOYMENT_TARGET = 15.0;
				LD_RUNPATH_SEARCH_PATHS = (
					"$(inherited)",
					"@executable_path/Frameworks",
					"@executable_path/../../Frameworks",
				);
				MARKETING_VERSION = 3.0.0;
				PRODUCT_BUNDLE_IDENTIFIER = com.shibodev.dotaarmory.WidgetIntentHandler;
				PRODUCT_NAME = "$(TARGET_NAME)";
				SKIP_INSTALL = YES;
				SUPPORTS_MACCATALYST = NO;
				SWIFT_VERSION = 5.0;
				TARGETED_DEVICE_FAMILY = "1,2";
			};
			name = Release;
		};
		793069A12B5D323100A5CF5D /* Debug */ = {
			isa = XCBuildConfiguration;
			buildSettings = {
				ASSETCATALOG_COMPILER_GENERATE_SWIFT_ASSET_SYMBOL_EXTENSIONS = YES;
				BUNDLE_LOADER = "$(TEST_HOST)";
				CLANG_CXX_LANGUAGE_STANDARD = "gnu++20";
				CODE_SIGN_STYLE = Automatic;
				CURRENT_PROJECT_VERSION = 1;
				DEVELOPMENT_TEAM = 9JW9RTZTZ7;
				ENABLE_USER_SCRIPT_SANDBOXING = YES;
				GCC_C_LANGUAGE_STANDARD = gnu17;
				GENERATE_INFOPLIST_FILE = YES;
				IPHONEOS_DEPLOYMENT_TARGET = 17.2;
				LOCALIZATION_PREFERS_STRING_CATALOGS = YES;
				MARKETING_VERSION = 1.0;
				PRODUCT_BUNDLE_IDENTIFIER = com.shibotong.D2ADataLoadingTests;
				PRODUCT_NAME = "$(TARGET_NAME)";
				SWIFT_ACTIVE_COMPILATION_CONDITIONS = "DEBUG $(inherited)";
				SWIFT_EMIT_LOC_STRINGS = NO;
				SWIFT_VERSION = 5.0;
				TARGETED_DEVICE_FAMILY = "1,2";
				TEST_HOST = "$(BUILT_PRODUCTS_DIR)/D2A.app/$(BUNDLE_EXECUTABLE_FOLDER_PATH)/D2A";
			};
			name = Debug;
		};
		793069A22B5D323100A5CF5D /* Release */ = {
			isa = XCBuildConfiguration;
			buildSettings = {
				ASSETCATALOG_COMPILER_GENERATE_SWIFT_ASSET_SYMBOL_EXTENSIONS = YES;
				BUNDLE_LOADER = "$(TEST_HOST)";
				CLANG_CXX_LANGUAGE_STANDARD = "gnu++20";
				CODE_SIGN_STYLE = Automatic;
				CURRENT_PROJECT_VERSION = 1;
				DEVELOPMENT_TEAM = 9JW9RTZTZ7;
				ENABLE_USER_SCRIPT_SANDBOXING = YES;
				GCC_C_LANGUAGE_STANDARD = gnu17;
				GENERATE_INFOPLIST_FILE = YES;
				IPHONEOS_DEPLOYMENT_TARGET = 17.2;
				LOCALIZATION_PREFERS_STRING_CATALOGS = YES;
				MARKETING_VERSION = 1.0;
				PRODUCT_BUNDLE_IDENTIFIER = com.shibotong.D2ADataLoadingTests;
				PRODUCT_NAME = "$(TARGET_NAME)";
				SWIFT_EMIT_LOC_STRINGS = NO;
				SWIFT_VERSION = 5.0;
				TARGETED_DEVICE_FAMILY = "1,2";
				TEST_HOST = "$(BUILT_PRODUCTS_DIR)/D2A.app/$(BUNDLE_EXECUTABLE_FOLDER_PATH)/D2A";
			};
			name = Release;
		};
		7942FD092B706B49008CE4B0 /* Debug */ = {
			isa = XCBuildConfiguration;
			buildSettings = {
				ASSETCATALOG_COMPILER_GENERATE_SWIFT_ASSET_SYMBOL_EXTENSIONS = YES;
				CLANG_CXX_LANGUAGE_STANDARD = "gnu++20";
				CODE_SIGN_STYLE = Automatic;
				CURRENT_PROJECT_VERSION = 1;
				DEVELOPMENT_TEAM = MRB66268H7;
				ENABLE_USER_SCRIPT_SANDBOXING = YES;
				GCC_C_LANGUAGE_STANDARD = gnu17;
				GENERATE_INFOPLIST_FILE = YES;
				IPHONEOS_DEPLOYMENT_TARGET = 16.0;
				LOCALIZATION_PREFERS_STRING_CATALOGS = YES;
				MARKETING_VERSION = 1.0;
				PRODUCT_BUNDLE_IDENTIFIER = com.shibotong.D2AUIScreenshotTests;
				PRODUCT_NAME = "$(TARGET_NAME)";
				SWIFT_ACTIVE_COMPILATION_CONDITIONS = "DEBUG $(inherited)";
				SWIFT_EMIT_LOC_STRINGS = NO;
				SWIFT_VERSION = 5.0;
				TARGETED_DEVICE_FAMILY = "1,2";
				TEST_TARGET_NAME = D2A;
			};
			name = Debug;
		};
		7942FD0A2B706B49008CE4B0 /* Release */ = {
			isa = XCBuildConfiguration;
			buildSettings = {
				ASSETCATALOG_COMPILER_GENERATE_SWIFT_ASSET_SYMBOL_EXTENSIONS = YES;
				CLANG_CXX_LANGUAGE_STANDARD = "gnu++20";
				CODE_SIGN_STYLE = Automatic;
				CURRENT_PROJECT_VERSION = 1;
				DEVELOPMENT_TEAM = MRB66268H7;
				ENABLE_USER_SCRIPT_SANDBOXING = YES;
				GCC_C_LANGUAGE_STANDARD = gnu17;
				GENERATE_INFOPLIST_FILE = YES;
				IPHONEOS_DEPLOYMENT_TARGET = 16.0;
				LOCALIZATION_PREFERS_STRING_CATALOGS = YES;
				MARKETING_VERSION = 1.0;
				PRODUCT_BUNDLE_IDENTIFIER = com.shibotong.D2AUIScreenshotTests;
				PRODUCT_NAME = "$(TARGET_NAME)";
				SWIFT_EMIT_LOC_STRINGS = NO;
				SWIFT_VERSION = 5.0;
				TARGETED_DEVICE_FAMILY = "1,2";
				TEST_TARGET_NAME = D2A;
			};
			name = Release;
		};
		79CF638129C40B700072F4C0 /* Debug */ = {
			isa = XCBuildConfiguration;
			buildSettings = {
				CLANG_CXX_LANGUAGE_STANDARD = "gnu++20";
				CODE_SIGN_STYLE = Automatic;
				CURRENT_PROJECT_VERSION = 1;
				DEAD_CODE_STRIPPING = YES;
				DEVELOPMENT_TEAM = 9JW9RTZTZ7;
				GENERATE_INFOPLIST_FILE = YES;
				IPHONEOS_DEPLOYMENT_TARGET = 16.2;
				MACOSX_DEPLOYMENT_TARGET = 13.1;
				MARKETING_VERSION = 1.0;
				PRODUCT_BUNDLE_IDENTIFIER = com.shibotong.D2AUITests;
				PRODUCT_NAME = "$(TARGET_NAME)";
				SDKROOT = auto;
				SUPPORTED_PLATFORMS = "iphoneos iphonesimulator macosx";
				SWIFT_EMIT_LOC_STRINGS = NO;
				SWIFT_VERSION = 5.0;
				TARGETED_DEVICE_FAMILY = "1,2";
				TEST_TARGET_NAME = D2A;
			};
			name = Debug;
		};
		79CF638229C40B700072F4C0 /* Release */ = {
			isa = XCBuildConfiguration;
			buildSettings = {
				CLANG_CXX_LANGUAGE_STANDARD = "gnu++20";
				CODE_SIGN_STYLE = Automatic;
				CURRENT_PROJECT_VERSION = 1;
				DEAD_CODE_STRIPPING = YES;
				DEVELOPMENT_TEAM = 9JW9RTZTZ7;
				GENERATE_INFOPLIST_FILE = YES;
				IPHONEOS_DEPLOYMENT_TARGET = 16.2;
				MACOSX_DEPLOYMENT_TARGET = 13.1;
				MARKETING_VERSION = 1.0;
				PRODUCT_BUNDLE_IDENTIFIER = com.shibotong.D2AUITests;
				PRODUCT_NAME = "$(TARGET_NAME)";
				SDKROOT = auto;
				SUPPORTED_PLATFORMS = "iphoneos iphonesimulator macosx";
				SWIFT_EMIT_LOC_STRINGS = NO;
				SWIFT_VERSION = 5.0;
				TARGETED_DEVICE_FAMILY = "1,2";
				TEST_TARGET_NAME = D2A;
			};
			name = Release;
		};
/* End XCBuildConfiguration section */

/* Begin XCConfigurationList section */
		328957A127F6609B00BA9847 /* Build configuration list for PBXNativeTarget "Unit Tests" */ = {
			isa = XCConfigurationList;
			buildConfigurations = (
				3289579F27F6609B00BA9847 /* Debug */,
				328957A027F6609B00BA9847 /* Release */,
			);
			defaultConfigurationIsVisible = 0;
			defaultConfigurationName = Release;
		};
		32B36F0626C38821002D427D /* Build configuration list for PBXProject "D2A" */ = {
			isa = XCConfigurationList;
			buildConfigurations = (
				32B36F1826C38822002D427D /* Debug */,
				32B36F1926C38822002D427D /* Release */,
			);
			defaultConfigurationIsVisible = 0;
			defaultConfigurationName = Release;
		};
		32B36F1A26C38822002D427D /* Build configuration list for PBXNativeTarget "D2A" */ = {
			isa = XCConfigurationList;
			buildConfigurations = (
				32B36F1B26C38822002D427D /* Debug */,
				32B36F1C26C38822002D427D /* Release */,
			);
			defaultConfigurationIsVisible = 0;
			defaultConfigurationName = Release;
		};
		32F70AA926F57F7E006E9B05 /* Build configuration list for PBXNativeTarget "D2AWidgetExtension" */ = {
			isa = XCConfigurationList;
			buildConfigurations = (
				32F70AAA26F57F7E006E9B05 /* Debug */,
				32F70AAB26F57F7E006E9B05 /* Release */,
			);
			defaultConfigurationIsVisible = 0;
			defaultConfigurationName = Release;
		};
		32F70AF026F61836006E9B05 /* Build configuration list for PBXNativeTarget "D2AWidgetIntentHandler" */ = {
			isa = XCConfigurationList;
			buildConfigurations = (
				32F70AF126F61836006E9B05 /* Debug */,
				32F70AF226F61836006E9B05 /* Release */,
			);
			defaultConfigurationIsVisible = 0;
			defaultConfigurationName = Release;
		};
		793069A32B5D323100A5CF5D /* Build configuration list for PBXNativeTarget "DataLoadingTests" */ = {
			isa = XCConfigurationList;
			buildConfigurations = (
				793069A12B5D323100A5CF5D /* Debug */,
				793069A22B5D323100A5CF5D /* Release */,
			);
			defaultConfigurationIsVisible = 0;
			defaultConfigurationName = Release;
		};
		7942FD0B2B706B49008CE4B0 /* Build configuration list for PBXNativeTarget "UIScreenshotTests" */ = {
			isa = XCConfigurationList;
			buildConfigurations = (
				7942FD092B706B49008CE4B0 /* Debug */,
				7942FD0A2B706B49008CE4B0 /* Release */,
			);
			defaultConfigurationIsVisible = 0;
			defaultConfigurationName = Release;
		};
		79CF638329C40B700072F4C0 /* Build configuration list for PBXNativeTarget "UI Tests" */ = {
			isa = XCConfigurationList;
			buildConfigurations = (
				79CF638129C40B700072F4C0 /* Debug */,
				79CF638229C40B700072F4C0 /* Release */,
			);
			defaultConfigurationIsVisible = 0;
			defaultConfigurationName = Release;
		};
/* End XCConfigurationList section */

/* Begin XCLocalSwiftPackageReference section */
		7966741F2E697BD500D102FA /* XCLocalSwiftPackageReference "StratzAPI" */ = {
			isa = XCLocalSwiftPackageReference;
			relativePath = StratzAPI;
		};
/* End XCLocalSwiftPackageReference section */

/* Begin XCRemoteSwiftPackageReference section */
		790FBB2229C186AE00E27106 /* XCRemoteSwiftPackageReference "apollo-ios" */ = {
			isa = XCRemoteSwiftPackageReference;
			repositoryURL = "https://github.com/apollographql/apollo-ios.git";
			requirement = {
				kind = exactVersion;
				version = 1.2.1;
			};
		};
		79B8D96D2F2889FA0030429D /* XCRemoteSwiftPackageReference "swift-log" */ = {
			isa = XCRemoteSwiftPackageReference;
			repositoryURL = "https://github.com/apple/swift-log";
			requirement = {
				kind = exactVersion;
				version = 1.9.1;
			};
		};
/* End XCRemoteSwiftPackageReference section */

/* Begin XCSwiftPackageProductDependency section */
		790FBB2329C186AE00E27106 /* Apollo */ = {
			isa = XCSwiftPackageProductDependency;
			package = 790FBB2229C186AE00E27106 /* XCRemoteSwiftPackageReference "apollo-ios" */;
			productName = Apollo;
		};
		790FBB2929C1876D00E27106 /* StratzAPI */ = {
			isa = XCSwiftPackageProductDependency;
			productName = StratzAPI;
		};
		790FBB2B29C1877400E27106 /* StratzAPI */ = {
			isa = XCSwiftPackageProductDependency;
			productName = StratzAPI;
		};
		790FBB2D29C1877A00E27106 /* StratzAPI */ = {
			isa = XCSwiftPackageProductDependency;
			productName = StratzAPI;
		};
		790FBB3329C18AC800E27106 /* Apollo */ = {
			isa = XCSwiftPackageProductDependency;
			package = 790FBB2229C186AE00E27106 /* XCRemoteSwiftPackageReference "apollo-ios" */;
			productName = Apollo;
		};
		79266DA32A31B078002FEF0F /* ApolloWebSocket */ = {
			isa = XCSwiftPackageProductDependency;
			package = 790FBB2229C186AE00E27106 /* XCRemoteSwiftPackageReference "apollo-ios" */;
			productName = ApolloWebSocket;
		};
		79266DA82A31B21D002FEF0F /* ApolloWebSocket */ = {
			isa = XCSwiftPackageProductDependency;
			package = 790FBB2229C186AE00E27106 /* XCRemoteSwiftPackageReference "apollo-ios" */;
			productName = ApolloWebSocket;
		};
		79266DAA2A31B224002FEF0F /* ApolloWebSocket */ = {
			isa = XCSwiftPackageProductDependency;
			package = 790FBB2229C186AE00E27106 /* XCRemoteSwiftPackageReference "apollo-ios" */;
			productName = ApolloWebSocket;
		};
		796674202E697BD500D102FA /* StratzAPI */ = {
			isa = XCSwiftPackageProductDependency;
			productName = StratzAPI;
		};
		79B8D96E2F2889FA0030429D /* InMemoryLogging */ = {
			isa = XCSwiftPackageProductDependency;
			package = 79B8D96D2F2889FA0030429D /* XCRemoteSwiftPackageReference "swift-log" */;
			productName = InMemoryLogging;
		};
		79B8D9702F2889FA0030429D /* Logging */ = {
			isa = XCSwiftPackageProductDependency;
			package = 79B8D96D2F2889FA0030429D /* XCRemoteSwiftPackageReference "swift-log" */;
			productName = Logging;
		};
		79D1043629E2991E00BC04B3 /* Apollo */ = {
			isa = XCSwiftPackageProductDependency;
			package = 790FBB2229C186AE00E27106 /* XCRemoteSwiftPackageReference "apollo-ios" */;
			productName = Apollo;
		};
/* End XCSwiftPackageProductDependency section */
	};
	rootObject = 32B36F0326C38821002D427D /* Project object */;
}
